// !$*UTF8*$!
{
	archiveVersion = 1;
	classes = {
	};
	objectVersion = 56;
	objects = {

/* Begin PBXBuildFile section */
		A937D27A2AAF176D005090C4 /* SwiftUI_1App.swift in Sources */ = {isa = PBXBuildFile; fileRef = A937D2792AAF176D005090C4 /* SwiftUI_1App.swift */; };
		A937D27C2AAF176D005090C4 /* ContentView.swift in Sources */ = {isa = PBXBuildFile; fileRef = A937D27B2AAF176D005090C4 /* ContentView.swift */; };
		A937D27E2AAF176F005090C4 /* Assets.xcassets in Resources */ = {isa = PBXBuildFile; fileRef = A937D27D2AAF176F005090C4 /* Assets.xcassets */; };
		A937D2812AAF176F005090C4 /* Preview Assets.xcassets in Resources */ = {isa = PBXBuildFile; fileRef = A937D2802AAF176F005090C4 /* Preview Assets.xcassets */; };
		A937D28B2AAF1770005090C4 /* SwiftUI_1Tests.swift in Sources */ = {isa = PBXBuildFile; fileRef = A937D28A2AAF1770005090C4 /* SwiftUI_1Tests.swift */; };
		A937D2952AAF1770005090C4 /* SwiftUI_1UITests.swift in Sources */ = {isa = PBXBuildFile; fileRef = A937D2942AAF1770005090C4 /* SwiftUI_1UITests.swift */; };
		A937D2972AAF1770005090C4 /* SwiftUI_1UITestsLaunchTests.swift in Sources */ = {isa = PBXBuildFile; fileRef = A937D2962AAF1770005090C4 /* SwiftUI_1UITestsLaunchTests.swift */; };
/* End PBXBuildFile section */

/* Begin PBXContainerItemProxy section */
		A937D2872AAF1770005090C4 /* PBXContainerItemProxy */ = {
			isa = PBXContainerItemProxy;
			containerPortal = A937D26E2AAF176D005090C4 /* Project object */;
			proxyType = 1;
			remoteGlobalIDString = A937D2752AAF176D005090C4;
			remoteInfo = SwiftUI_1;
		};
		A937D2912AAF1770005090C4 /* PBXContainerItemProxy */ = {
			isa = PBXContainerItemProxy;
			containerPortal = A937D26E2AAF176D005090C4 /* Project object */;
			proxyType = 1;
			remoteGlobalIDString = A937D2752AAF176D005090C4;
			remoteInfo = SwiftUI_1;
		};
/* End PBXContainerItemProxy section */

/* Begin PBXFileReference section */
		A937D2762AAF176D005090C4 /* SwiftUI_1.app */ = {isa = PBXFileReference; explicitFileType = wrapper.application; includeInIndex = 0; path = SwiftUI_1.app; sourceTree = BUILT_PRODUCTS_DIR; };
		A937D2792AAF176D005090C4 /* SwiftUI_1App.swift */ = {isa = PBXFileReference; lastKnownFileType = sourcecode.swift; path = SwiftUI_1App.swift; sourceTree = "<group>"; };
		A937D27B2AAF176D005090C4 /* ContentView.swift */ = {isa = PBXFileReference; lastKnownFileType = sourcecode.swift; path = ContentView.swift; sourceTree = "<group>"; };
		A937D27D2AAF176F005090C4 /* Assets.xcassets */ = {isa = PBXFileReference; lastKnownFileType = folder.assetcatalog; path = Assets.xcassets; sourceTree = "<group>"; };
		A937D2802AAF176F005090C4 /* Preview Assets.xcassets */ = {isa = PBXFileReference; lastKnownFileType = folder.assetcatalog; path = "Preview Assets.xcassets"; sourceTree = "<group>"; };
		A937D2862AAF1770005090C4 /* SwiftUI_1Tests.xctest */ = {isa = PBXFileReference; explicitFileType = wrapper.cfbundle; includeInIndex = 0; path = SwiftUI_1Tests.xctest; sourceTree = BUILT_PRODUCTS_DIR; };
		A937D28A2AAF1770005090C4 /* SwiftUI_1Tests.swift */ = {isa = PBXFileReference; lastKnownFileType = sourcecode.swift; path = SwiftUI_1Tests.swift; sourceTree = "<group>"; };
		A937D2902AAF1770005090C4 /* SwiftUI_1UITests.xctest */ = {isa = PBXFileReference; explicitFileType = wrapper.cfbundle; includeInIndex = 0; path = SwiftUI_1UITests.xctest; sourceTree = BUILT_PRODUCTS_DIR; };
		A937D2942AAF1770005090C4 /* SwiftUI_1UITests.swift */ = {isa = PBXFileReference; lastKnownFileType = sourcecode.swift; path = SwiftUI_1UITests.swift; sourceTree = "<group>"; };
		A937D2962AAF1770005090C4 /* SwiftUI_1UITestsLaunchTests.swift */ = {isa = PBXFileReference; lastKnownFileType = sourcecode.swift; path = SwiftUI_1UITestsLaunchTests.swift; sourceTree = "<group>"; };
/* End PBXFileReference section */

/* Begin PBXFrameworksBuildPhase section */
		A937D2732AAF176D005090C4 /* Frameworks */ = {
			isa = PBXFrameworksBuildPhase;
			buildActionMask = 2147483647;
			files = (
			);
			runOnlyForDeploymentPostprocessing = 0;
		};
		A937D2832AAF1770005090C4 /* Frameworks */ = {
			isa = PBXFrameworksBuildPhase;
			buildActionMask = 2147483647;
			files = (
			);
			runOnlyForDeploymentPostprocessing = 0;
		};
		A937D28D2AAF1770005090C4 /* Frameworks */ = {
			isa = PBXFrameworksBuildPhase;
			buildActionMask = 2147483647;
			files = (
			);
			runOnlyForDeploymentPostprocessing = 0;
		};
/* End PBXFrameworksBuildPhase section */

/* Begin PBXGroup section */
		A937D26D2AAF176D005090C4 = {
			isa = PBXGroup;
			children = (
				A937D2782AAF176D005090C4 /* SwiftUI_1 */,
				A937D2892AAF1770005090C4 /* SwiftUI_1Tests */,
				A937D2932AAF1770005090C4 /* SwiftUI_1UITests */,
				A937D2772AAF176D005090C4 /* Products */,
			);
			sourceTree = "<group>";
		};
		A937D2772AAF176D005090C4 /* Products */ = {
			isa = PBXGroup;
			children = (
				A937D2762AAF176D005090C4 /* SwiftUI_1.app */,
				A937D2862AAF1770005090C4 /* SwiftUI_1Tests.xctest */,
				A937D2902AAF1770005090C4 /* SwiftUI_1UITests.xctest */,
			);
			name = Products;
			sourceTree = "<group>";
		};
		A937D2782AAF176D005090C4 /* SwiftUI_1 */ = {
			isa = PBXGroup;
			children = (
				A937D2792AAF176D005090C4 /* SwiftUI_1App.swift */,
				A937D27B2AAF176D005090C4 /* ContentView.swift */,
				A937D27D2AAF176F005090C4 /* Assets.xcassets */,
				A937D27F2AAF176F005090C4 /* Preview Content */,
			);
			path = SwiftUI_1;
			sourceTree = "<group>";
		};
		A937D27F2AAF176F005090C4 /* Preview Content */ = {
			isa = PBXGroup;
			children = (
				A937D2802AAF176F005090C4 /* Preview Assets.xcassets */,
			);
			path = "Preview Content";
			sourceTree = "<group>";
		};
		A937D2892AAF1770005090C4 /* SwiftUI_1Tests */ = {
			isa = PBXGroup;
			children = (
				A937D28A2AAF1770005090C4 /* SwiftUI_1Tests.swift */,
			);
			path = SwiftUI_1Tests;
			sourceTree = "<group>";
		};
		A937D2932AAF1770005090C4 /* SwiftUI_1UITests */ = {
			isa = PBXGroup;
			children = (
				A937D2942AAF1770005090C4 /* SwiftUI_1UITests.swift */,
				A937D2962AAF1770005090C4 /* SwiftUI_1UITestsLaunchTests.swift */,
			);
			path = SwiftUI_1UITests;
			sourceTree = "<group>";
		};
/* End PBXGroup section */

/* Begin PBXNativeTarget section */
		A937D2752AAF176D005090C4 /* SwiftUI_1 */ = {
			isa = PBXNativeTarget;
			buildConfigurationList = A937D29A2AAF1770005090C4 /* Build configuration list for PBXNativeTarget "SwiftUI_1" */;
			buildPhases = (
				A937D2722AAF176D005090C4 /* Sources */,
				A937D2732AAF176D005090C4 /* Frameworks */,
				A937D2742AAF176D005090C4 /* Resources */,
			);
			buildRules = (
			);
			dependencies = (
			);
			name = SwiftUI_1;
			productName = SwiftUI_1;
			productReference = A937D2762AAF176D005090C4 /* SwiftUI_1.app */;
			productType = "com.apple.product-type.application";
		};
		A937D2852AAF1770005090C4 /* SwiftUI_1Tests */ = {
			isa = PBXNativeTarget;
			buildConfigurationList = A937D29D2AAF1770005090C4 /* Build configuration list for PBXNativeTarget "SwiftUI_1Tests" */;
			buildPhases = (
				A937D2822AAF1770005090C4 /* Sources */,
				A937D2832AAF1770005090C4 /* Frameworks */,
				A937D2842AAF1770005090C4 /* Resources */,
			);
			buildRules = (
			);
			dependencies = (
				A937D2882AAF1770005090C4 /* PBXTargetDependency */,
			);
			name = SwiftUI_1Tests;
			productName = SwiftUI_1Tests;
			productReference = A937D2862AAF1770005090C4 /* SwiftUI_1Tests.xctest */;
			productType = "com.apple.product-type.bundle.unit-test";
		};
		A937D28F2AAF1770005090C4 /* SwiftUI_1UITests */ = {
			isa = PBXNativeTarget;
			buildConfigurationList = A937D2A02AAF1770005090C4 /* Build configuration list for PBXNativeTarget "SwiftUI_1UITests" */;
			buildPhases = (
				A937D28C2AAF1770005090C4 /* Sources */,
				A937D28D2AAF1770005090C4 /* Frameworks */,
				A937D28E2AAF1770005090C4 /* Resources */,
			);
			buildRules = (
			);
			dependencies = (
				A937D2922AAF1770005090C4 /* PBXTargetDependency */,
			);
			name = SwiftUI_1UITests;
			productName = SwiftUI_1UITests;
			productReference = A937D2902AAF1770005090C4 /* SwiftUI_1UITests.xctest */;
			productType = "com.apple.product-type.bundle.ui-testing";
		};
/* End PBXNativeTarget section */

/* Begin PBXProject section */
		A937D26E2AAF176D005090C4 /* Project object */ = {
			isa = PBXProject;
			attributes = {
				BuildIndependentTargetsInParallel = 1;
				LastSwiftUpdateCheck = 1420;
				LastUpgradeCheck = 1420;
				TargetAttributes = {
					A937D2752AAF176D005090C4 = {
						CreatedOnToolsVersion = 14.2;
					};
					A937D2852AAF1770005090C4 = {
						CreatedOnToolsVersion = 14.2;
						TestTargetID = A937D2752AAF176D005090C4;
					};
					A937D28F2AAF1770005090C4 = {
						CreatedOnToolsVersion = 14.2;
						TestTargetID = A937D2752AAF176D005090C4;
					};
				};
			};
			buildConfigurationList = A937D2712AAF176D005090C4 /* Build configuration list for PBXProject "SwiftUI_1" */;
			compatibilityVersion = "Xcode 14.0";
			developmentRegion = en;
			hasScannedForEncodings = 0;
			knownRegions = (
				en,
				Base,
			);
			mainGroup = A937D26D2AAF176D005090C4;
			productRefGroup = A937D2772AAF176D005090C4 /* Products */;
			projectDirPath = "";
			projectRoot = "";
			targets = (
				A937D2752AAF176D005090C4 /* SwiftUI_1 */,
				A937D2852AAF1770005090C4 /* SwiftUI_1Tests */,
				A937D28F2AAF1770005090C4 /* SwiftUI_1UITests */,
			);
		};
/* End PBXProject section */

/* Begin PBXResourcesBuildPhase section */
		A937D2742AAF176D005090C4 /* Resources */ = {
			isa = PBXResourcesBuildPhase;
			buildActionMask = 2147483647;
			files = (
				A937D2812AAF176F005090C4 /* Preview Assets.xcassets in Resources */,
				A937D27E2AAF176F005090C4 /* Assets.xcassets in Resources */,
			);
			runOnlyForDeploymentPostprocessing = 0;
		};
		A937D2842AAF1770005090C4 /* Resources */ = {
			isa = PBXResourcesBuildPhase;
			buildActionMask = 2147483647;
			files = (
			);
			runOnlyForDeploymentPostprocessing = 0;
		};
		A937D28E2AAF1770005090C4 /* Resources */ = {
			isa = PBXResourcesBuildPhase;
			buildActionMask = 2147483647;
			files = (
			);
			runOnlyForDeploymentPostprocessing = 0;
		};
/* End PBXResourcesBuildPhase section */

/* Begin PBXSourcesBuildPhase section */
		A937D2722AAF176D005090C4 /* Sources */ = {
			isa = PBXSourcesBuildPhase;
			buildActionMask = 2147483647;
			files = (
				A937D27C2AAF176D005090C4 /* ContentView.swift in Sources */,
				A937D27A2AAF176D005090C4 /* SwiftUI_1App.swift in Sources */,
			);
			runOnlyForDeploymentPostprocessing = 0;
		};
		A937D2822AAF1770005090C4 /* Sources */ = {
			isa = PBXSourcesBuildPhase;
			buildActionMask = 2147483647;
			files = (
				A937D28B2AAF1770005090C4 /* SwiftUI_1Tests.swift in Sources */,
			);
			runOnlyForDeploymentPostprocessing = 0;
		};
		A937D28C2AAF1770005090C4 /* Sources */ = {
			isa = PBXSourcesBuildPhase;
			buildActionMask = 2147483647;
			files = (
				A937D2972AAF1770005090C4 /* SwiftUI_1UITestsLaunchTests.swift in Sources */,
				A937D2952AAF1770005090C4 /* SwiftUI_1UITests.swift in Sources */,
			);
			runOnlyForDeploymentPostprocessing = 0;
		};
/* End PBXSourcesBuildPhase section */

/* Begin PBXTargetDependency section */
		A937D2882AAF1770005090C4 /* PBXTargetDependency */ = {
			isa = PBXTargetDependency;
			target = A937D2752AAF176D005090C4 /* SwiftUI_1 */;
			targetProxy = A937D2872AAF1770005090C4 /* PBXContainerItemProxy */;
		};
		A937D2922AAF1770005090C4 /* PBXTargetDependency */ = {
			isa = PBXTargetDependency;
			target = A937D2752AAF176D005090C4 /* SwiftUI_1 */;
			targetProxy = A937D2912AAF1770005090C4 /* PBXContainerItemProxy */;
		};
/* End PBXTargetDependency section */

/* Begin XCBuildConfiguration section */
		A937D2982AAF1770005090C4 /* Debug */ = {
			isa = XCBuildConfiguration;
			buildSettings = {
				ALWAYS_SEARCH_USER_PATHS = NO;
				CLANG_ANALYZER_NONNULL = YES;
				CLANG_ANALYZER_NUMBER_OBJECT_CONVERSION = YES_AGGRESSIVE;
				CLANG_CXX_LANGUAGE_STANDARD = "gnu++20";
				CLANG_ENABLE_MODULES = YES;
				CLANG_ENABLE_OBJC_ARC = YES;
				CLANG_ENABLE_OBJC_WEAK = YES;
				CLANG_WARN_BLOCK_CAPTURE_AUTORELEASING = YES;
				CLANG_WARN_BOOL_CONVERSION = YES;
				CLANG_WARN_COMMA = YES;
				CLANG_WARN_CONSTANT_CONVERSION = YES;
				CLANG_WARN_DEPRECATED_OBJC_IMPLEMENTATIONS = YES;
				CLANG_WARN_DIRECT_OBJC_ISA_USAGE = YES_ERROR;
				CLANG_WARN_DOCUMENTATION_COMMENTS = YES;
				CLANG_WARN_EMPTY_BODY = YES;
				CLANG_WARN_ENUM_CONVERSION = YES;
				CLANG_WARN_INFINITE_RECURSION = YES;
				CLANG_WARN_INT_CONVERSION = YES;
				CLANG_WARN_NON_LITERAL_NULL_CONVERSION = YES;
				CLANG_WARN_OBJC_IMPLICIT_RETAIN_SELF = YES;
				CLANG_WARN_OBJC_LITERAL_CONVERSION = YES;
				CLANG_WARN_OBJC_ROOT_CLASS = YES_ERROR;
				CLANG_WARN_QUOTED_INCLUDE_IN_FRAMEWORK_HEADER = YES;
				CLANG_WARN_RANGE_LOOP_ANALYSIS = YES;
				CLANG_WARN_STRICT_PROTOTYPES = YES;
				CLANG_WARN_SUSPICIOUS_MOVE = YES;
				CLANG_WARN_UNGUARDED_AVAILABILITY = YES_AGGRESSIVE;
				CLANG_WARN_UNREACHABLE_CODE = YES;
				CLANG_WARN__DUPLICATE_METHOD_MATCH = YES;
				COPY_PHASE_STRIP = NO;
				DEBUG_INFORMATION_FORMAT = dwarf;
				ENABLE_STRICT_OBJC_MSGSEND = YES;
				ENABLE_TESTABILITY = YES;
				GCC_C_LANGUAGE_STANDARD = gnu11;
				GCC_DYNAMIC_NO_PIC = NO;
				GCC_NO_COMMON_BLOCKS = YES;
				GCC_OPTIMIZATION_LEVEL = 0;
				GCC_PREPROCESSOR_DEFINITIONS = (
					"DEBUG=1",
					"$(inherited)",
				);
				GCC_WARN_64_TO_32_BIT_CONVERSION = YES;
				GCC_WARN_ABOUT_RETURN_TYPE = YES_ERROR;
				GCC_WARN_UNDECLARED_SELECTOR = YES;
				GCC_WARN_UNINITIALIZED_AUTOS = YES_AGGRESSIVE;
				GCC_WARN_UNUSED_FUNCTION = YES;
				GCC_WARN_UNUSED_VARIABLE = YES;
				IPHONEOS_DEPLOYMENT_TARGET = 16.2;
				MTL_ENABLE_DEBUG_INFO = INCLUDE_SOURCE;
				MTL_FAST_MATH = YES;
				ONLY_ACTIVE_ARCH = YES;
				SDKROOT = iphoneos;
				SWIFT_ACTIVE_COMPILATION_CONDITIONS = DEBUG;
				SWIFT_OPTIMIZATION_LEVEL = "-Onone";
			};
			name = Debug;
		};
		A937D2992AAF1770005090C4 /* Release */ = {
			isa = XCBuildConfiguration;
			buildSettings = {
				ALWAYS_SEARCH_USER_PATHS = NO;
				CLANG_ANALYZER_NONNULL = YES;
				CLANG_ANALYZER_NUMBER_OBJECT_CONVERSION = YES_AGGRESSIVE;
				CLANG_CXX_LANGUAGE_STANDARD = "gnu++20";
				CLANG_ENABLE_MODULES = YES;
				CLANG_ENABLE_OBJC_ARC = YES;
				CLANG_ENABLE_OBJC_WEAK = YES;
				CLANG_WARN_BLOCK_CAPTURE_AUTORELEASING = YES;
				CLANG_WARN_BOOL_CONVERSION = YES;
				CLANG_WARN_COMMA = YES;
				CLANG_WARN_CONSTANT_CONVERSION = YES;
				CLANG_WARN_DEPRECATED_OBJC_IMPLEMENTATIONS = YES;
				CLANG_WARN_DIRECT_OBJC_ISA_USAGE = YES_ERROR;
				CLANG_WARN_DOCUMENTATION_COMMENTS = YES;
				CLANG_WARN_EMPTY_BODY = YES;
				CLANG_WARN_ENUM_CONVERSION = YES;
				CLANG_WARN_INFINITE_RECURSION = YES;
				CLANG_WARN_INT_CONVERSION = YES;
				CLANG_WARN_NON_LITERAL_NULL_CONVERSION = YES;
				CLANG_WARN_OBJC_IMPLICIT_RETAIN_SELF = YES;
				CLANG_WARN_OBJC_LITERAL_CONVERSION = YES;
				CLANG_WARN_OBJC_ROOT_CLASS = YES_ERROR;
				CLANG_WARN_QUOTED_INCLUDE_IN_FRAMEWORK_HEADER = YES;
				CLANG_WARN_RANGE_LOOP_ANALYSIS = YES;
				CLANG_WARN_STRICT_PROTOTYPES = YES;
				CLANG_WARN_SUSPICIOUS_MOVE = YES;
				CLANG_WARN_UNGUARDED_AVAILABILITY = YES_AGGRESSIVE;
				CLANG_WARN_UNREACHABLE_CODE = YES;
				CLANG_WARN__DUPLICATE_METHOD_MATCH = YES;
				COPY_PHASE_STRIP = NO;
				DEBUG_INFORMATION_FORMAT = "dwarf-with-dsym";
				ENABLE_NS_ASSERTIONS = NO;
				ENABLE_STRICT_OBJC_MSGSEND = YES;
				GCC_C_LANGUAGE_STANDARD = gnu11;
				GCC_NO_COMMON_BLOCKS = YES;
				GCC_WARN_64_TO_32_BIT_CONVERSION = YES;
				GCC_WARN_ABOUT_RETURN_TYPE = YES_ERROR;
				GCC_WARN_UNDECLARED_SELECTOR = YES;
				GCC_WARN_UNINITIALIZED_AUTOS = YES_AGGRESSIVE;
				GCC_WARN_UNUSED_FUNCTION = YES;
				GCC_WARN_UNUSED_VARIABLE = YES;
				IPHONEOS_DEPLOYMENT_TARGET = 16.2;
				MTL_ENABLE_DEBUG_INFO = NO;
				MTL_FAST_MATH = YES;
				SDKROOT = iphoneos;
				SWIFT_COMPILATION_MODE = wholemodule;
				SWIFT_OPTIMIZATION_LEVEL = "-O";
				VALIDATE_PRODUCT = YES;
			};
			name = Release;
		};
		A937D29B2AAF1770005090C4 /* Debug */ = {
			isa = XCBuildConfiguration;
			buildSettings = {
				ASSETCATALOG_COMPILER_APPICON_NAME = AppIcon;
				ASSETCATALOG_COMPILER_GLOBAL_ACCENT_COLOR_NAME = AccentColor;
				CODE_SIGN_STYLE = Automatic;
				CURRENT_PROJECT_VERSION = 1;
				DEVELOPMENT_ASSET_PATHS = "\"SwiftUI_1/Preview Content\"";
				DEVELOPMENT_TEAM = C53P78KWXA;
				ENABLE_PREVIEWS = YES;
				GENERATE_INFOPLIST_FILE = YES;
				INFOPLIST_KEY_UIApplicationSceneManifest_Generation = YES;
				INFOPLIST_KEY_UIApplicationSupportsIndirectInputEvents = YES;
				INFOPLIST_KEY_UILaunchScreen_Generation = YES;
				INFOPLIST_KEY_UISupportedInterfaceOrientations_iPad = "UIInterfaceOrientationPortrait UIInterfaceOrientationPortraitUpsideDown UIInterfaceOrientationLandscapeLeft UIInterfaceOrientationLandscapeRight";
				INFOPLIST_KEY_UISupportedInterfaceOrientations_iPhone = "UIInterfaceOrientationPortrait UIInterfaceOrientationLandscapeLeft UIInterfaceOrientationLandscapeRight";
				LD_RUNPATH_SEARCH_PATHS = (
					"$(inherited)",
					"@executable_path/Frameworks",
				);
				MARKETING_VERSION = 1.0;
				PRODUCT_BUNDLE_IDENTIFIER = "com.AMalamud.SwiftUI-1";
				PRODUCT_NAME = "$(TARGET_NAME)";
				SWIFT_EMIT_LOC_STRINGS = YES;
				SWIFT_VERSION = 5.0;
				TARGETED_DEVICE_FAMILY = "1,2";
			};
			name = Debug;
		};
		A937D29C2AAF1770005090C4 /* Release */ = {
			isa = XCBuildConfiguration;
			buildSettings = {
				ASSETCATALOG_COMPILER_APPICON_NAME = AppIcon;
				ASSETCATALOG_COMPILER_GLOBAL_ACCENT_COLOR_NAME = AccentColor;
				CODE_SIGN_STYLE = Automatic;
				CURRENT_PROJECT_VERSION = 1;
				DEVELOPMENT_ASSET_PATHS = "\"SwiftUI_1/Preview Content\"";
				DEVELOPMENT_TEAM = C53P78KWXA;
				ENABLE_PREVIEWS = YES;
				GENERATE_INFOPLIST_FILE = YES;
				INFOPLIST_KEY_UIApplicationSceneManifest_Generation = YES;
				INFOPLIST_KEY_UIApplicationSupportsIndirectInputEvents = YES;
				INFOPLIST_KEY_UILaunchScreen_Generation = YES;
				INFOPLIST_KEY_UISupportedInterfaceOrientations_iPad = "UIInterfaceOrientationPortrait UIInterfaceOrientationPortraitUpsideDown UIInterfaceOrientationLandscapeLeft UIInterfaceOrientationLandscapeRight";
				INFOPLIST_KEY_UISupportedInterfaceOrientations_iPhone = "UIInterfaceOrientationPortrait UIInterfaceOrientationLandscapeLeft UIInterfaceOrientationLandscapeRight";
				LD_RUNPATH_SEARCH_PATHS = (
					"$(inherited)",
					"@executable_path/Frameworks",
				);
				MARKETING_VERSION = 1.0;
				PRODUCT_BUNDLE_IDENTIFIER = "com.AMalamud.SwiftUI-1";
				PRODUCT_NAME = "$(TARGET_NAME)";
				SWIFT_EMIT_LOC_STRINGS = YES;
				SWIFT_VERSION = 5.0;
				TARGETED_DEVICE_FAMILY = "1,2";
			};
			name = Release;
		};
		A937D29E2AAF1770005090C4 /* Debug */ = {
			isa = XCBuildConfiguration;
			buildSettings = {
				ALWAYS_EMBED_SWIFT_STANDARD_LIBRARIES = YES;
				BUNDLE_LOADER = "$(TEST_HOST)";
				CODE_SIGN_STYLE = Automatic;
				CURRENT_PROJECT_VERSION = 1;
				DEVELOPMENT_TEAM = C53P78KWXA;
				GENERATE_INFOPLIST_FILE = YES;
				IPHONEOS_DEPLOYMENT_TARGET = 16.2;
				MARKETING_VERSION = 1.0;
				PRODUCT_BUNDLE_IDENTIFIER = "com.AMalamud.SwiftUI-1Tests";
				PRODUCT_NAME = "$(TARGET_NAME)";
				SWIFT_EMIT_LOC_STRINGS = NO;
				SWIFT_VERSION = 5.0;
				TARGETED_DEVICE_FAMILY = "1,2";
				TEST_HOST = "$(BUILT_PRODUCTS_DIR)/SwiftUI_1.app/$(BUNDLE_EXECUTABLE_FOLDER_PATH)/SwiftUI_1";
			};
			name = Debug;
		};
		A937D29F2AAF1770005090C4 /* Release */ = {
			isa = XCBuildConfiguration;
			buildSettings = {
				ALWAYS_EMBED_SWIFT_STANDARD_LIBRARIES = YES;
				BUNDLE_LOADER = "$(TEST_HOST)";
				CODE_SIGN_STYLE = Automatic;
				CURRENT_PROJECT_VERSION = 1;
				DEVELOPMENT_TEAM = C53P78KWXA;
				GENERATE_INFOPLIST_FILE = YES;
				IPHONEOS_DEPLOYMENT_TARGET = 16.2;
				MARKETING_VERSION = 1.0;
				PRODUCT_BUNDLE_IDENTIFIER = "com.AMalamud.SwiftUI-1Tests";
				PRODUCT_NAME = "$(TARGET_NAME)";
				SWIFT_EMIT_LOC_STRINGS = NO;
				SWIFT_VERSION = 5.0;
				TARGETED_DEVICE_FAMILY = "1,2";
				TEST_HOST = "$(BUILT_PRODUCTS_DIR)/SwiftUI_1.app/$(BUNDLE_EXECUTABLE_FOLDER_PATH)/SwiftUI_1";
			};
			name = Release;
		};
		A937D2A12AAF1770005090C4 /* Debug */ = {
			isa = XCBuildConfiguration;
			buildSettings = {
				ALWAYS_EMBED_SWIFT_STANDARD_LIBRARIES = YES;
				CODE_SIGN_STYLE = Automatic;
				CURRENT_PROJECT_VERSION = 1;
				DEVELOPMENT_TEAM = C53P78KWXA;
				GENERATE_INFOPLIST_FILE = YES;
				MARKETING_VERSION = 1.0;
				PRODUCT_BUNDLE_IDENTIFIER = "com.AMalamud.SwiftUI-1UITests";
				PRODUCT_NAME = "$(TARGET_NAME)";
				SWIFT_EMIT_LOC_STRINGS = NO;
				SWIFT_VERSION = 5.0;
				TARGETED_DEVICE_FAMILY = "1,2";
				TEST_TARGET_NAME = SwiftUI_1;
			};
			name = Debug;
		};
		A937D2A22AAF1770005090C4 /* Release */ = {
			isa = XCBuildConfiguration;
			buildSettings = {
				ALWAYS_EMBED_SWIFT_STANDARD_LIBRARIES = YES;
				CODE_SIGN_STYLE = Automatic;
				CURRENT_PROJECT_VERSION = 1;
				DEVELOPMENT_TEAM = C53P78KWXA;
				GENERATE_INFOPLIST_FILE = YES;
				MARKETING_VERSION = 1.0;
				PRODUCT_BUNDLE_IDENTIFIER = "com.AMalamud.SwiftUI-1UITests";
				PRODUCT_NAME = "$(TARGET_NAME)";
				SWIFT_EMIT_LOC_STRINGS = NO;
				SWIFT_VERSION = 5.0;
				TARGETED_DEVICE_FAMILY = "1,2";
				TEST_TARGET_NAME = SwiftUI_1;
			};
			name = Release;
		};
/* End XCBuildConfiguration section */

/* Begin XCConfigurationList section */
		A937D2712AAF176D005090C4 /* Build configuration list for PBXProject "SwiftUI_1" */ = {
			isa = XCConfigurationList;
			buildConfigurations = (
				A937D2982AAF1770005090C4 /* Debug */,
				A937D2992AAF1770005090C4 /* Release */,
			);
			defaultConfigurationIsVisible = 0;
			defaultConfigurationName = Release;
		};
		A937D29A2AAF1770005090C4 /* Build configuration list for PBXNativeTarget "SwiftUI_1" */ = {
			isa = XCConfigurationList;
			buildConfigurations = (
				A937D29B2AAF1770005090C4 /* Debug */,
				A937D29C2AAF1770005090C4 /* Release */,
			);
			defaultConfigurationIsVisible = 0;
			defaultConfigurationName = Release;
		};
		A937D29D2AAF1770005090C4 /* Build configuration list for PBXNativeTarget "SwiftUI_1Tests" */ = {
			isa = XCConfigurationList;
			buildConfigurations = (
				A937D29E2AAF1770005090C4 /* Debug */,
				A937D29F2AAF1770005090C4 /* Release */,
			);
			defaultConfigurationIsVisible = 0;
			defaultConfigurationName = Release;
		};
		A937D2A02AAF1770005090C4 /* Build configuration list for PBXNativeTarget "SwiftUI_1UITests" */ = {
			isa = XCConfigurationList;
			buildConfigurations = (
				A937D2A12AAF1770005090C4 /* Debug */,
				A937D2A22AAF1770005090C4 /* Release */,
			);
			defaultConfigurationIsVisible = 0;
			defaultConfigurationName = Release;
		};
/* End XCConfigurationList section */
	};
	rootObject = A937D26E2AAF176D005090C4 /* Project object */;
}
